
Microsoft Visual Studio Solution File, Format Version 12.00
# Visual Studio Version 17
VisualStudioVersion = 17.11.35312.102
MinimumVisualStudioVersion = 10.0.40219.1
Project("{9A19103F-16F7-4668-BE54-9A1E7A4F7556}") = "DELETEME", "DELETEME\DELETEME.csproj", "{4CA61988-501B-41FE-ADAF-3F228FC65A88}"
EndProject
Project("{2150E333-8FDC-42A3-9474-1A3956D46DE8}") = "Task0", "Task0", "{762C948D-D3DA-46F9-8456-44018DC1A24C}"
EndProject
Project("{9A19103F-16F7-4668-BE54-9A1E7A4F7556}") = "Tyuiu.PredygerKK.Sprint5.Task0.V27", "Tyuiu.PredygerKK.Sprint5.Task0.V27\Tyuiu.PredygerKK.Sprint5.Task0.V27.csproj", "{32B031C8-F060-4048-B4E9-FB7144BA82CB}"
EndProject
Project("{9A19103F-16F7-4668-BE54-9A1E7A4F7556}") = "Tyuiu.PredygerKK.Sprint5.Task0.V27.Lib", "Tyuiu.PredygerKK.Sprint5.Task0.V27.Lib\Tyuiu.PredygerKK.Sprint5.Task0.V27.Lib.csproj", "{02865680-6484-4A52-A84E-7CB7C747E2F3}"
EndProject
Project("{9A19103F-16F7-4668-BE54-9A1E7A4F7556}") = "Tyuiu.PredygerKK.Sprint5.Task0.V27.Test", "Tyuiu.PredygerKK.Sprint5.Task0.V27.Test\Tyuiu.PredygerKK.Sprint5.Task0.V27.Test.csproj", "{2EA58F05-8C42-4703-80BA-3EC4588F008F}"
EndProject
Project("{2150E333-8FDC-42A3-9474-1A3956D46DE8}") = "Task1", "Task1", "{45A55A6E-8BD9-4962-A2B4-C3D66DE1C83F}"
EndProject
Project("{2150E333-8FDC-42A3-9474-1A3956D46DE8}") = "Task2", "Task2", "{CD58A898-7731-4787-BEBA-0292CCBFFC97}"
EndProject
Project("{2150E333-8FDC-42A3-9474-1A3956D46DE8}") = "Task3", "Task3", "{8510CA19-4765-45E7-AFF6-1D6121C491E2}"
EndProject
Project("{9A19103F-16F7-4668-BE54-9A1E7A4F7556}") = "Tyuiu.PredygerKK.Sprint5.Task1.V17", "Tyuiu.PredygerKK.Sprint5.Task1.V17\Tyuiu.PredygerKK.Sprint5.Task1.V17.csproj", "{EB956BE9-9F2F-47AE-A6D6-2B43AB4F5247}"
EndProject
Project("{9A19103F-16F7-4668-BE54-9A1E7A4F7556}") = "Tyuiu.PredygerKK.Sprint5.Task1.V17.Lib", "Tyuiu.PredygerKK.Sprint5.Task1.V17.Lib\Tyuiu.PredygerKK.Sprint5.Task1.V17.Lib.csproj", "{26EA2CFF-95F7-4712-A3AC-0E20B89B2514}"
EndProject
Project("{9A19103F-16F7-4668-BE54-9A1E7A4F7556}") = "Tyuiu.PredygerKK.Sprint5.Task1.V17.Test", "Tyuiu.PredygerKK.Sprint5.Task1.V17.Test\Tyuiu.PredygerKK.Sprint5.Task1.V17.Test.csproj", "{6CBD73FF-643D-4A06-B754-CC0417D6AF57}"
EndProject
Project("{9A19103F-16F7-4668-BE54-9A1E7A4F7556}") = "Tyuiu.PredygerKK.Sprint5.Task2.V16", "Tyuiu.PredygerKK.Sprint5.Task2.V16\Tyuiu.PredygerKK.Sprint5.Task2.V16.csproj", "{5C353585-0738-4B7E-86BB-94D0E20C6A1E}"
EndProject
Project("{9A19103F-16F7-4668-BE54-9A1E7A4F7556}") = "Tyuiu.PredygerKK.Sprint5.Task2.V16.Lib", "Tyuiu.PredygerKK.Sprint5.Task2.V16.Lib\Tyuiu.PredygerKK.Sprint5.Task2.V16.Lib.csproj", "{C4C49EEA-B5A4-4E5F-A1DA-217FD65398F6}"
EndProject
Project("{9A19103F-16F7-4668-BE54-9A1E7A4F7556}") = "Tyuiu.PredygerKK.Sprint5.Task2.V16.Test", "Tyuiu.PredygerKK.Sprint5.Task2.V16.Test\Tyuiu.PredygerKK.Sprint5.Task2.V16.Test.csproj", "{386D6239-5DC3-496D-86A6-11B62992FB51}"
EndProject
Project("{9A19103F-16F7-4668-BE54-9A1E7A4F7556}") = "Tyuiu.PredygerKK.Sprint5.Task3.V9", "Tyuiu.PredygerKK.Sprint5.Task3.V9\Tyuiu.PredygerKK.Sprint5.Task3.V9.csproj", "{C8FBB3DE-C8DF-4DDE-AE90-403ECC0050B4}"
EndProject
Project("{9A19103F-16F7-4668-BE54-9A1E7A4F7556}") = "Tyuiu.PredygerKK.Sprint5.Task3.V9.Lib", "Tyuiu.PredygerKK.Sprint5.Task3.V9.Lib\Tyuiu.PredygerKK.Sprint5.Task3.V9.Lib.csproj", "{514D7722-D429-423D-81CA-11CBAD9F1495}"
EndProject
Project("{9A19103F-16F7-4668-BE54-9A1E7A4F7556}") = "Tyuiu.PredygerKK.Sprint5.Task3.V9.Test", "Tyuiu.PredygerKK.Sprint5.Task3.V9.Test\Tyuiu.PredygerKK.Sprint5.Task3.V9.Test.csproj", "{AD340F55-EA40-4805-A63F-4EDDAB5B7A2A}"
EndProject
Project("{2150E333-8FDC-42A3-9474-1A3956D46DE8}") = "Task4", "Task4", "{D0649ED2-4ED5-4D72-BF97-B55ED4B4A18A}"
EndProject
Project("{9A19103F-16F7-4668-BE54-9A1E7A4F7556}") = "Tyuiu.PredygerKK.Sprint5.Task4.V1", "Tyuiu.PredygerKK.Sprint5.Task4.V1\Tyuiu.PredygerKK.Sprint5.Task4.V1.csproj", "{732857A0-EBB3-4134-AA21-28F493F9A9CF}"
EndProject
Project("{9A19103F-16F7-4668-BE54-9A1E7A4F7556}") = "Tyuiu.PredygerKK.Sprint5.Task4.V1.Lib", "Tyuiu.PredygerKK.Sprint5.Task4.V1.Lib\Tyuiu.PredygerKK.Sprint5.Task4.V1.Lib.csproj", "{15EB084E-84B8-44BA-A7F7-AC8F652AD479}"
EndProject
Project("{9A19103F-16F7-4668-BE54-9A1E7A4F7556}") = "Tyuiu.PredygerKK.Sprint5.Task4.V1.Test", "Tyuiu.PredygerKK.Sprint5.Task4.V1.Test\Tyuiu.PredygerKK.Sprint5.Task4.V1.Test.csproj", "{22C22B47-98D3-43EF-8EA0-DDE56DBF6690}"
EndProject
Project("{FAE04EC0-301F-11D3-BF4B-00C04F79EFBC}") = "Tyuiu.PredygerKK.Sprint5.Task5.V21", "Tyuiu.PredygerKK.Sprint5.Task5.V21\Tyuiu.PredygerKK.Sprint5.Task5.V21.csproj", "{CE2FDE06-1CC7-4A95-9E33-645D4CF65D07}"
EndProject
Project("{2150E333-8FDC-42A3-9474-1A3956D46DE8}") = "Task5", "Task5", "{3FCB641F-E4CF-4F23-9BB3-38E34424C865}"
EndProject
Project("{FAE04EC0-301F-11D3-BF4B-00C04F79EFBC}") = "Tyuiu.PredygerKK.Sprint5.Task5.V21.Lib", "Tyuiu.PredygerKK.Sprint5.Task5.V21.Lib\Tyuiu.PredygerKK.Sprint5.Task5.V21.Lib.csproj", "{3BFD9876-1401-402F-AF69-6FDF7FF8D1FF}"
EndProject
Project("{FAE04EC0-301F-11D3-BF4B-00C04F79EFBC}") = "Tyuiu.PredygerKK.Sprint5.Task5.V21.Test", "Tyuiu.PredygerKK.Sprint5.Task5.V21.Test\Tyuiu.PredygerKK.Sprint5.Task5.V21.Test.csproj", "{795AA657-FE01-4647-AE63-4549D4A0D1F2}"
EndProject
Global
	GlobalSection(SolutionConfigurationPlatforms) = preSolution
		Debug|Any CPU = Debug|Any CPU
		Release|Any CPU = Release|Any CPU
	EndGlobalSection
	GlobalSection(ProjectConfigurationPlatforms) = postSolution
		{4CA61988-501B-41FE-ADAF-3F228FC65A88}.Debug|Any CPU.ActiveCfg = Debug|Any CPU
		{4CA61988-501B-41FE-ADAF-3F228FC65A88}.Debug|Any CPU.Build.0 = Debug|Any CPU
		{4CA61988-501B-41FE-ADAF-3F228FC65A88}.Release|Any CPU.ActiveCfg = Release|Any CPU
		{4CA61988-501B-41FE-ADAF-3F228FC65A88}.Release|Any CPU.Build.0 = Release|Any CPU
		{32B031C8-F060-4048-B4E9-FB7144BA82CB}.Debug|Any CPU.ActiveCfg = Debug|Any CPU
		{32B031C8-F060-4048-B4E9-FB7144BA82CB}.Debug|Any CPU.Build.0 = Debug|Any CPU
		{32B031C8-F060-4048-B4E9-FB7144BA82CB}.Release|Any CPU.ActiveCfg = Release|Any CPU
		{32B031C8-F060-4048-B4E9-FB7144BA82CB}.Release|Any CPU.Build.0 = Release|Any CPU
		{02865680-6484-4A52-A84E-7CB7C747E2F3}.Debug|Any CPU.ActiveCfg = Debug|Any CPU
		{02865680-6484-4A52-A84E-7CB7C747E2F3}.Debug|Any CPU.Build.0 = Debug|Any CPU
		{02865680-6484-4A52-A84E-7CB7C747E2F3}.Release|Any CPU.ActiveCfg = Release|Any CPU
		{02865680-6484-4A52-A84E-7CB7C747E2F3}.Release|Any CPU.Build.0 = Release|Any CPU
		{2EA58F05-8C42-4703-80BA-3EC4588F008F}.Debug|Any CPU.ActiveCfg = Debug|Any CPU
		{2EA58F05-8C42-4703-80BA-3EC4588F008F}.Debug|Any CPU.Build.0 = Debug|Any CPU
		{2EA58F05-8C42-4703-80BA-3EC4588F008F}.Release|Any CPU.ActiveCfg = Release|Any CPU
		{2EA58F05-8C42-4703-80BA-3EC4588F008F}.Release|Any CPU.Build.0 = Release|Any CPU
		{EB956BE9-9F2F-47AE-A6D6-2B43AB4F5247}.Debug|Any CPU.ActiveCfg = Debug|Any CPU
		{EB956BE9-9F2F-47AE-A6D6-2B43AB4F5247}.Debug|Any CPU.Build.0 = Debug|Any CPU
		{EB956BE9-9F2F-47AE-A6D6-2B43AB4F5247}.Release|Any CPU.ActiveCfg = Release|Any CPU
		{EB956BE9-9F2F-47AE-A6D6-2B43AB4F5247}.Release|Any CPU.Build.0 = Release|Any CPU
		{26EA2CFF-95F7-4712-A3AC-0E20B89B2514}.Debug|Any CPU.ActiveCfg = Debug|Any CPU
		{26EA2CFF-95F7-4712-A3AC-0E20B89B2514}.Debug|Any CPU.Build.0 = Debug|Any CPU
		{26EA2CFF-95F7-4712-A3AC-0E20B89B2514}.Release|Any CPU.ActiveCfg = Release|Any CPU
		{26EA2CFF-95F7-4712-A3AC-0E20B89B2514}.Release|Any CPU.Build.0 = Release|Any CPU
		{6CBD73FF-643D-4A06-B754-CC0417D6AF57}.Debug|Any CPU.ActiveCfg = Debug|Any CPU
		{6CBD73FF-643D-4A06-B754-CC0417D6AF57}.Debug|Any CPU.Build.0 = Debug|Any CPU
		{6CBD73FF-643D-4A06-B754-CC0417D6AF57}.Release|Any CPU.ActiveCfg = Release|Any CPU
		{6CBD73FF-643D-4A06-B754-CC0417D6AF57}.Release|Any CPU.Build.0 = Release|Any CPU
		{5C353585-0738-4B7E-86BB-94D0E20C6A1E}.Debug|Any CPU.ActiveCfg = Debug|Any CPU
		{5C353585-0738-4B7E-86BB-94D0E20C6A1E}.Debug|Any CPU.Build.0 = Debug|Any CPU
		{5C353585-0738-4B7E-86BB-94D0E20C6A1E}.Release|Any CPU.ActiveCfg = Release|Any CPU
		{5C353585-0738-4B7E-86BB-94D0E20C6A1E}.Release|Any CPU.Build.0 = Release|Any CPU
		{C4C49EEA-B5A4-4E5F-A1DA-217FD65398F6}.Debug|Any CPU.ActiveCfg = Debug|Any CPU
		{C4C49EEA-B5A4-4E5F-A1DA-217FD65398F6}.Debug|Any CPU.Build.0 = Debug|Any CPU
		{C4C49EEA-B5A4-4E5F-A1DA-217FD65398F6}.Release|Any CPU.ActiveCfg = Release|Any CPU
		{C4C49EEA-B5A4-4E5F-A1DA-217FD65398F6}.Release|Any CPU.Build.0 = Release|Any CPU
		{386D6239-5DC3-496D-86A6-11B62992FB51}.Debug|Any CPU.ActiveCfg = Debug|Any CPU
		{386D6239-5DC3-496D-86A6-11B62992FB51}.Debug|Any CPU.Build.0 = Debug|Any CPU
		{386D6239-5DC3-496D-86A6-11B62992FB51}.Release|Any CPU.ActiveCfg = Release|Any CPU
		{386D6239-5DC3-496D-86A6-11B62992FB51}.Release|Any CPU.Build.0 = Release|Any CPU
		{C8FBB3DE-C8DF-4DDE-AE90-403ECC0050B4}.Debug|Any CPU.ActiveCfg = Debug|Any CPU
		{C8FBB3DE-C8DF-4DDE-AE90-403ECC0050B4}.Debug|Any CPU.Build.0 = Debug|Any CPU
		{C8FBB3DE-C8DF-4DDE-AE90-403ECC0050B4}.Release|Any CPU.ActiveCfg = Release|Any CPU
		{C8FBB3DE-C8DF-4DDE-AE90-403ECC0050B4}.Release|Any CPU.Build.0 = Release|Any CPU
		{514D7722-D429-423D-81CA-11CBAD9F1495}.Debug|Any CPU.ActiveCfg = Debug|Any CPU
		{514D7722-D429-423D-81CA-11CBAD9F1495}.Debug|Any CPU.Build.0 = Debug|Any CPU
		{514D7722-D429-423D-81CA-11CBAD9F1495}.Release|Any CPU.ActiveCfg = Release|Any CPU
		{514D7722-D429-423D-81CA-11CBAD9F1495}.Release|Any CPU.Build.0 = Release|Any CPU
		{AD340F55-EA40-4805-A63F-4EDDAB5B7A2A}.Debug|Any CPU.ActiveCfg = Debug|Any CPU
		{AD340F55-EA40-4805-A63F-4EDDAB5B7A2A}.Debug|Any CPU.Build.0 = Debug|Any CPU
		{AD340F55-EA40-4805-A63F-4EDDAB5B7A2A}.Release|Any CPU.ActiveCfg = Release|Any CPU
		{AD340F55-EA40-4805-A63F-4EDDAB5B7A2A}.Release|Any CPU.Build.0 = Release|Any CPU
		{732857A0-EBB3-4134-AA21-28F493F9A9CF}.Debug|Any CPU.ActiveCfg = Debug|Any CPU
		{732857A0-EBB3-4134-AA21-28F493F9A9CF}.Debug|Any CPU.Build.0 = Debug|Any CPU
		{732857A0-EBB3-4134-AA21-28F493F9A9CF}.Release|Any CPU.ActiveCfg = Release|Any CPU
		{732857A0-EBB3-4134-AA21-28F493F9A9CF}.Release|Any CPU.Build.0 = Release|Any CPU
		{15EB084E-84B8-44BA-A7F7-AC8F652AD479}.Debug|Any CPU.ActiveCfg = Debug|Any CPU
		{15EB084E-84B8-44BA-A7F7-AC8F652AD479}.Debug|Any CPU.Build.0 = Debug|Any CPU
		{15EB084E-84B8-44BA-A7F7-AC8F652AD479}.Release|Any CPU.ActiveCfg = Release|Any CPU
		{15EB084E-84B8-44BA-A7F7-AC8F652AD479}.Release|Any CPU.Build.0 = Release|Any CPU
		{22C22B47-98D3-43EF-8EA0-DDE56DBF6690}.Debug|Any CPU.ActiveCfg = Debug|Any CPU
		{22C22B47-98D3-43EF-8EA0-DDE56DBF6690}.Debug|Any CPU.Build.0 = Debug|Any CPU
		{22C22B47-98D3-43EF-8EA0-DDE56DBF6690}.Release|Any CPU.ActiveCfg = Release|Any CPU
		{22C22B47-98D3-43EF-8EA0-DDE56DBF6690}.Release|Any CPU.Build.0 = Release|Any CPU
		{CE2FDE06-1CC7-4A95-9E33-645D4CF65D07}.Debug|Any CPU.ActiveCfg = Debug|Any CPU
		{CE2FDE06-1CC7-4A95-9E33-645D4CF65D07}.Debug|Any CPU.Build.0 = Debug|Any CPU
		{CE2FDE06-1CC7-4A95-9E33-645D4CF65D07}.Release|Any CPU.ActiveCfg = Release|Any CPU
		{CE2FDE06-1CC7-4A95-9E33-645D4CF65D07}.Release|Any CPU.Build.0 = Release|Any CPU
		{3BFD9876-1401-402F-AF69-6FDF7FF8D1FF}.Debug|Any CPU.ActiveCfg = Debug|Any CPU
		{3BFD9876-1401-402F-AF69-6FDF7FF8D1FF}.Debug|Any CPU.Build.0 = Debug|Any CPU
		{3BFD9876-1401-402F-AF69-6FDF7FF8D1FF}.Release|Any CPU.ActiveCfg = Release|Any CPU
		{3BFD9876-1401-402F-AF69-6FDF7FF8D1FF}.Release|Any CPU.Build.0 = Release|Any CPU
		{795AA657-FE01-4647-AE63-4549D4A0D1F2}.Debug|Any CPU.ActiveCfg = Debug|Any CPU
		{795AA657-FE01-4647-AE63-4549D4A0D1F2}.Debug|Any CPU.Build.0 = Debug|Any CPU
		{795AA657-FE01-4647-AE63-4549D4A0D1F2}.Release|Any CPU.ActiveCfg = Release|Any CPU
		{795AA657-FE01-4647-AE63-4549D4A0D1F2}.Release|Any CPU.Build.0 = Release|Any CPU
	EndGlobalSection
	GlobalSection(SolutionProperties) = preSolution
		HideSolutionNode = FALSE
	EndGlobalSection
	GlobalSection(NestedProjects) = preSolution
		{32B031C8-F060-4048-B4E9-FB7144BA82CB} = {762C948D-D3DA-46F9-8456-44018DC1A24C}
		{02865680-6484-4A52-A84E-7CB7C747E2F3} = {762C948D-D3DA-46F9-8456-44018DC1A24C}
		{2EA58F05-8C42-4703-80BA-3EC4588F008F} = {762C948D-D3DA-46F9-8456-44018DC1A24C}
		{EB956BE9-9F2F-47AE-A6D6-2B43AB4F5247} = {45A55A6E-8BD9-4962-A2B4-C3D66DE1C83F}
		{26EA2CFF-95F7-4712-A3AC-0E20B89B2514} = {45A55A6E-8BD9-4962-A2B4-C3D66DE1C83F}
		{6CBD73FF-643D-4A06-B754-CC0417D6AF57} = {45A55A6E-8BD9-4962-A2B4-C3D66DE1C83F}
		{5C353585-0738-4B7E-86BB-94D0E20C6A1E} = {CD58A898-7731-4787-BEBA-0292CCBFFC97}
		{C4C49EEA-B5A4-4E5F-A1DA-217FD65398F6} = {CD58A898-7731-4787-BEBA-0292CCBFFC97}
		{386D6239-5DC3-496D-86A6-11B62992FB51} = {CD58A898-7731-4787-BEBA-0292CCBFFC97}
		{C8FBB3DE-C8DF-4DDE-AE90-403ECC0050B4} = {8510CA19-4765-45E7-AFF6-1D6121C491E2}
		{514D7722-D429-423D-81CA-11CBAD9F1495} = {8510CA19-4765-45E7-AFF6-1D6121C491E2}
		{AD340F55-EA40-4805-A63F-4EDDAB5B7A2A} = {8510CA19-4765-45E7-AFF6-1D6121C491E2}
		{732857A0-EBB3-4134-AA21-28F493F9A9CF} = {D0649ED2-4ED5-4D72-BF97-B55ED4B4A18A}
		{15EB084E-84B8-44BA-A7F7-AC8F652AD479} = {D0649ED2-4ED5-4D72-BF97-B55ED4B4A18A}
		{22C22B47-98D3-43EF-8EA0-DDE56DBF6690} = {D0649ED2-4ED5-4D72-BF97-B55ED4B4A18A}
		{CE2FDE06-1CC7-4A95-9E33-645D4CF65D07} = {3FCB641F-E4CF-4F23-9BB3-38E34424C865}
		{3BFD9876-1401-402F-AF69-6FDF7FF8D1FF} = {3FCB641F-E4CF-4F23-9BB3-38E34424C865}
		{795AA657-FE01-4647-AE63-4549D4A0D1F2} = {3FCB641F-E4CF-4F23-9BB3-38E34424C865}
	EndGlobalSection
	GlobalSection(ExtensibilityGlobals) = postSolution
		SolutionGuid = {B27D1F2E-945B-49A3-8650-B20405B067A9}
	EndGlobalSection
EndGlobal
